
Microsoft Visual Studio Solution File, Format Version 12.00
# Visual Studio Version 17
VisualStudioVersion = 17.5.002.0
MinimumVisualStudioVersion = 10.0.40219.1
Project("{9A19103F-16F7-4668-BE54-9A1E7A4F7556}") = "Task002_MaxMinNum", "Task002_MaxMinNum.csproj", "{746B4F5E-9989-448E-8FBD-425BB20F1BC4}"
EndProject
Global
	GlobalSection(SolutionConfigurationPlatforms) = preSolution
		Debug|Any CPU = Debug|Any CPU
		Release|Any CPU = Release|Any CPU
	EndGlobalSection
	GlobalSection(ProjectConfigurationPlatforms) = postSolution
		{746B4F5E-9989-448E-8FBD-425BB20F1BC4}.Debug|Any CPU.ActiveCfg = Debug|Any CPU
		{746B4F5E-9989-448E-8FBD-425BB20F1BC4}.Debug|Any CPU.Build.0 = Debug|Any CPU
		{746B4F5E-9989-448E-8FBD-425BB20F1BC4}.Release|Any CPU.ActiveCfg = Release|Any CPU
		{746B4F5E-9989-448E-8FBD-425BB20F1BC4}.Release|Any CPU.Build.0 = Release|Any CPU
	EndGlobalSection
	GlobalSection(SolutionProperties) = preSolution
		HideSolutionNode = FALSE
	EndGlobalSection
	GlobalSection(ExtensibilityGlobals) = postSolution
		SolutionGuid = {5F98B7CC-1731-421E-A564-E492733F9A9F}
	EndGlobalSection
EndGlobal
